// !$*UTF8*$!
{
	archiveVersion = 1;
	classes = {
	};
	objectVersion = 48;
	objects = {

/* Begin PBXBuildFile section */
		414D03E12065494200D0FFA2 /* AppDelegate.swift in Sources */ = {isa = PBXBuildFile; fileRef = 414D03E02065494200D0FFA2 /* AppDelegate.swift */; };
		414D03E32065494300D0FFA2 /* ViewController.swift in Sources */ = {isa = PBXBuildFile; fileRef = 414D03E22065494300D0FFA2 /* ViewController.swift */; };
		414D03E62065494300D0FFA2 /* Main.storyboard in Resources */ = {isa = PBXBuildFile; fileRef = 414D03E42065494300D0FFA2 /* Main.storyboard */; };
		414D03E82065494300D0FFA2 /* Assets.xcassets in Resources */ = {isa = PBXBuildFile; fileRef = 414D03E72065494300D0FFA2 /* Assets.xcassets */; };
		414D03EB2065494300D0FFA2 /* LaunchScreen.storyboard in Resources */ = {isa = PBXBuildFile; fileRef = 414D03E92065494300D0FFA2 /* LaunchScreen.storyboard */; };
		414D03F62065494300D0FFA2 /* KiyoshiWoolheater_iOSCodeChallengeTests.swift in Sources */ = {isa = PBXBuildFile; fileRef = 414D03F52065494300D0FFA2 /* KiyoshiWoolheater_iOSCodeChallengeTests.swift */; };
/* End PBXBuildFile section */

/* Begin PBXContainerItemProxy section */
		414D03F22065494300D0FFA2 /* PBXContainerItemProxy */ = {
			isa = PBXContainerItemProxy;
			containerPortal = 414D03D52065494200D0FFA2 /* Project object */;
			proxyType = 1;
			remoteGlobalIDString = 414D03DC2065494200D0FFA2;
			remoteInfo = KiyoshiWoolheater_iOSCodeChallenge;
		};
/* End PBXContainerItemProxy section */

/* Begin PBXFileReference section */
		414D03DD2065494200D0FFA2 /* KiyoshiWoolheater_iOSCodeChallenge.app */ = {isa = PBXFileReference; explicitFileType = wrapper.application; includeInIndex = 0; path = KiyoshiWoolheater_iOSCodeChallenge.app; sourceTree = BUILT_PRODUCTS_DIR; };
		414D03E02065494200D0FFA2 /* AppDelegate.swift */ = {isa = PBXFileReference; lastKnownFileType = sourcecode.swift; path = AppDelegate.swift; sourceTree = "<group>"; };
		414D03E22065494300D0FFA2 /* ViewController.swift */ = {isa = PBXFileReference; lastKnownFileType = sourcecode.swift; path = ViewController.swift; sourceTree = "<group>"; };
		414D03E52065494300D0FFA2 /* Base */ = {isa = PBXFileReference; lastKnownFileType = file.storyboard; name = Base; path = Base.lproj/Main.storyboard; sourceTree = "<group>"; };
		414D03E72065494300D0FFA2 /* Assets.xcassets */ = {isa = PBXFileReference; lastKnownFileType = folder.assetcatalog; path = Assets.xcassets; sourceTree = "<group>"; };
		414D03EA2065494300D0FFA2 /* Base */ = {isa = PBXFileReference; lastKnownFileType = file.storyboard; name = Base; path = Base.lproj/LaunchScreen.storyboard; sourceTree = "<group>"; };
		414D03EC2065494300D0FFA2 /* Info.plist */ = {isa = PBXFileReference; lastKnownFileType = text.plist.xml; path = Info.plist; sourceTree = "<group>"; };
		414D03F12065494300D0FFA2 /* KiyoshiWoolheater_iOSCodeChallengeTests.xctest */ = {isa = PBXFileReference; explicitFileType = wrapper.cfbundle; includeInIndex = 0; path = KiyoshiWoolheater_iOSCodeChallengeTests.xctest; sourceTree = BUILT_PRODUCTS_DIR; };
		414D03F52065494300D0FFA2 /* KiyoshiWoolheater_iOSCodeChallengeTests.swift */ = {isa = PBXFileReference; lastKnownFileType = sourcecode.swift; path = KiyoshiWoolheater_iOSCodeChallengeTests.swift; sourceTree = "<group>"; };
		414D03F72065494300D0FFA2 /* Info.plist */ = {isa = PBXFileReference; lastKnownFileType = text.plist.xml; path = Info.plist; sourceTree = "<group>"; };
/* End PBXFileReference section */

/* Begin PBXFrameworksBuildPhase section */
		414D03DA2065494200D0FFA2 /* Frameworks */ = {
			isa = PBXFrameworksBuildPhase;
			buildActionMask = 2147483647;
			files = (
			);
			runOnlyForDeploymentPostprocessing = 0;
		};
		414D03EE2065494300D0FFA2 /* Frameworks */ = {
			isa = PBXFrameworksBuildPhase;
			buildActionMask = 2147483647;
			files = (
			);
			runOnlyForDeploymentPostprocessing = 0;
		};
/* End PBXFrameworksBuildPhase section */

/* Begin PBXGroup section */
		414D03D42065494200D0FFA2 = {
			isa = PBXGroup;
			children = (
				414D03DF2065494200D0FFA2 /* KiyoshiWoolheater_iOSCodeChallenge */,
				414D03F42065494300D0FFA2 /* KiyoshiWoolheater_iOSCodeChallengeTests */,
				414D03DE2065494200D0FFA2 /* Products */,
			);
			sourceTree = "<group>";
		};
		414D03DE2065494200D0FFA2 /* Products */ = {
			isa = PBXGroup;
			children = (
				414D03DD2065494200D0FFA2 /* KiyoshiWoolheater_iOSCodeChallenge.app */,
				414D03F12065494300D0FFA2 /* KiyoshiWoolheater_iOSCodeChallengeTests.xctest */,
			);
			name = Products;
			sourceTree = "<group>";
		};
		414D03DF2065494200D0FFA2 /* KiyoshiWoolheater_iOSCodeChallenge */ = {
			isa = PBXGroup;
			children = (
				414D03E02065494200D0FFA2 /* AppDelegate.swift */,
				414D03E22065494300D0FFA2 /* ViewController.swift */,
				414D03E42065494300D0FFA2 /* Main.storyboard */,
				414D03E72065494300D0FFA2 /* Assets.xcassets */,
				414D03E92065494300D0FFA2 /* LaunchScreen.storyboard */,
				414D03EC2065494300D0FFA2 /* Info.plist */,
			);
			path = KiyoshiWoolheater_iOSCodeChallenge;
			sourceTree = "<group>";
		};
		414D03F42065494300D0FFA2 /* KiyoshiWoolheater_iOSCodeChallengeTests */ = {
			isa = PBXGroup;
			children = (
				414D03F52065494300D0FFA2 /* KiyoshiWoolheater_iOSCodeChallengeTests.swift */,
				414D03F72065494300D0FFA2 /* Info.plist */,
			);
			path = KiyoshiWoolheater_iOSCodeChallengeTests;
			sourceTree = "<group>";
		};
/* End PBXGroup section */

/* Begin PBXNativeTarget section */
		414D03DC2065494200D0FFA2 /* KiyoshiWoolheater_iOSCodeChallenge */ = {
			isa = PBXNativeTarget;
			buildConfigurationList = 414D03FA2065494300D0FFA2 /* Build configuration list for PBXNativeTarget "KiyoshiWoolheater_iOSCodeChallenge" */;
			buildPhases = (
				414D03D92065494200D0FFA2 /* Sources */,
				414D03DA2065494200D0FFA2 /* Frameworks */,
				414D03DB2065494200D0FFA2 /* Resources */,
			);
			buildRules = (
			);
			dependencies = (
			);
			name = KiyoshiWoolheater_iOSCodeChallenge;
			productName = KiyoshiWoolheater_iOSCodeChallenge;
			productReference = 414D03DD2065494200D0FFA2 /* KiyoshiWoolheater_iOSCodeChallenge.app */;
			productType = "com.apple.product-type.application";
		};
		414D03F02065494300D0FFA2 /* KiyoshiWoolheater_iOSCodeChallengeTests */ = {
			isa = PBXNativeTarget;
			buildConfigurationList = 414D03FD2065494300D0FFA2 /* Build configuration list for PBXNativeTarget "KiyoshiWoolheater_iOSCodeChallengeTests" */;
			buildPhases = (
				414D03ED2065494300D0FFA2 /* Sources */,
				414D03EE2065494300D0FFA2 /* Frameworks */,
				414D03EF2065494300D0FFA2 /* Resources */,
			);
			buildRules = (
			);
			dependencies = (
				414D03F32065494300D0FFA2 /* PBXTargetDependency */,
			);
			name = KiyoshiWoolheater_iOSCodeChallengeTests;
			productName = KiyoshiWoolheater_iOSCodeChallengeTests;
			productReference = 414D03F12065494300D0FFA2 /* KiyoshiWoolheater_iOSCodeChallengeTests.xctest */;
			productType = "com.apple.product-type.bundle.unit-test";
		};
/* End PBXNativeTarget section */

/* Begin PBXProject section */
		414D03D52065494200D0FFA2 /* Project object */ = {
			isa = PBXProject;
			attributes = {
				LastSwiftUpdateCheck = 0920;
				LastUpgradeCheck = 0920;
				ORGANIZATIONNAME = "Kiyoshi Woolheater";
				TargetAttributes = {
					414D03DC2065494200D0FFA2 = {
						CreatedOnToolsVersion = 9.2;
						ProvisioningStyle = Automatic;
					};
					414D03F02065494300D0FFA2 = {
						CreatedOnToolsVersion = 9.2;
						ProvisioningStyle = Automatic;
						TestTargetID = 414D03DC2065494200D0FFA2;
					};
				};
			};
			buildConfigurationList = 414D03D82065494200D0FFA2 /* Build configuration list for PBXProject "KiyoshiWoolheater_iOSCodeChallenge" */;
			compatibilityVersion = "Xcode 8.0";
			developmentRegion = en;
			hasScannedForEncodings = 0;
			knownRegions = (
				en,
				Base,
			);
			mainGroup = 414D03D42065494200D0FFA2;
			productRefGroup = 414D03DE2065494200D0FFA2 /* Products */;
			projectDirPath = "";
			projectRoot = "";
			targets = (
				414D03DC2065494200D0FFA2 /* KiyoshiWoolheater_iOSCodeChallenge */,
				414D03F02065494300D0FFA2 /* KiyoshiWoolheater_iOSCodeChallengeTests */,
			);
		};
/* End PBXProject section */

/* Begin PBXResourcesBuildPhase section */
		414D03DB2065494200D0FFA2 /* Resources */ = {
			isa = PBXResourcesBuildPhase;
			buildActionMask = 2147483647;
			files = (
				414D03EB2065494300D0FFA2 /* LaunchScreen.storyboard in Resources */,
				414D03E82065494300D0FFA2 /* Assets.xcassets in Resources */,
				414D03E62065494300D0FFA2 /* Main.storyboard in Resources */,
			);
			runOnlyForDeploymentPostprocessing = 0;
		};
		414D03EF2065494300D0FFA2 /* Resources */ = {
			isa = PBXResourcesBuildPhase;
			buildActionMask = 2147483647;
			files = (
			);
			runOnlyForDeploymentPostprocessing = 0;
		};
/* End PBXResourcesBuildPhase section */

/* Begin PBXSourcesBuildPhase section */
		414D03D92065494200D0FFA2 /* Sources */ = {
			isa = PBXSourcesBuildPhase;
			buildActionMask = 2147483647;
			files = (
				414D03E32065494300D0FFA2 /* ViewController.swift in Sources */,
				414D03E12065494200D0FFA2 /* AppDelegate.swift in Sources */,
			);
			runOnlyForDeploymentPostprocessing = 0;
		};
		414D03ED2065494300D0FFA2 /* Sources */ = {
			isa = PBXSourcesBuildPhase;
			buildActionMask = 2147483647;
			files = (
				414D03F62065494300D0FFA2 /* KiyoshiWoolheater_iOSCodeChallengeTests.swift in Sources */,
			);
			runOnlyForDeploymentPostprocessing = 0;
		};
/* End PBXSourcesBuildPhase section */

/* Begin PBXTargetDependency section */
		414D03F32065494300D0FFA2 /* PBXTargetDependency */ = {
			isa = PBXTargetDependency;
			target = 414D03DC2065494200D0FFA2 /* KiyoshiWoolheater_iOSCodeChallenge */;
			targetProxy = 414D03F22065494300D0FFA2 /* PBXContainerItemProxy */;
		};
/* End PBXTargetDependency section */

/* Begin PBXVariantGroup section */
		414D03E42065494300D0FFA2 /* Main.storyboard */ = {
			isa = PBXVariantGroup;
			children = (
				414D03E52065494300D0FFA2 /* Base */,
			);
			name = Main.storyboard;
			sourceTree = "<group>";
		};
		414D03E92065494300D0FFA2 /* LaunchScreen.storyboard */ = {
			isa = PBXVariantGroup;
			children = (
				414D03EA2065494300D0FFA2 /* Base */,
			);
			name = LaunchScreen.storyboard;
			sourceTree = "<group>";
		};
/* End PBXVariantGroup section */

/* Begin XCBuildConfiguration section */
		414D03F82065494300D0FFA2 /* Debug */ = {
			isa = XCBuildConfiguration;
			buildSettings = {
				ALWAYS_SEARCH_USER_PATHS = NO;
				CLANG_ANALYZER_NONNULL = YES;
				CLANG_ANALYZER_NUMBER_OBJECT_CONVERSION = YES_AGGRESSIVE;
				CLANG_CXX_LANGUAGE_STANDARD = "gnu++14";
				CLANG_CXX_LIBRARY = "libc++";
				CLANG_ENABLE_MODULES = YES;
				CLANG_ENABLE_OBJC_ARC = YES;
				CLANG_WARN_BLOCK_CAPTURE_AUTORELEASING = YES;
				CLANG_WARN_BOOL_CONVERSION = YES;
				CLANG_WARN_COMMA = YES;
				CLANG_WARN_CONSTANT_CONVERSION = YES;
				CLANG_WARN_DIRECT_OBJC_ISA_USAGE = YES_ERROR;
				CLANG_WARN_DOCUMENTATION_COMMENTS = YES;
				CLANG_WARN_EMPTY_BODY = YES;
				CLANG_WARN_ENUM_CONVERSION = YES;
				CLANG_WARN_INFINITE_RECURSION = YES;
				CLANG_WARN_INT_CONVERSION = YES;
				CLANG_WARN_NON_LITERAL_NULL_CONVERSION = YES;
				CLANG_WARN_OBJC_LITERAL_CONVERSION = YES;
				CLANG_WARN_OBJC_ROOT_CLASS = YES_ERROR;
				CLANG_WARN_RANGE_LOOP_ANALYSIS = YES;
				CLANG_WARN_STRICT_PROTOTYPES = YES;
				CLANG_WARN_SUSPICIOUS_MOVE = YES;
				CLANG_WARN_UNGUARDED_AVAILABILITY = YES_AGGRESSIVE;
				CLANG_WARN_UNREACHABLE_CODE = YES;
				CLANG_WARN__DUPLICATE_METHOD_MATCH = YES;
				CODE_SIGN_IDENTITY = "iPhone Developer";
				COPY_PHASE_STRIP = NO;
				DEBUG_INFORMATION_FORMAT = dwarf;
				ENABLE_STRICT_OBJC_MSGSEND = YES;
				ENABLE_TESTABILITY = YES;
				GCC_C_LANGUAGE_STANDARD = gnu11;
				GCC_DYNAMIC_NO_PIC = NO;
				GCC_NO_COMMON_BLOCKS = YES;
				GCC_OPTIMIZATION_LEVEL = 0;
				GCC_PREPROCESSOR_DEFINITIONS = (
					"DEBUG=1",
					"$(inherited)",
				);
				GCC_WARN_64_TO_32_BIT_CONVERSION = YES;
				GCC_WARN_ABOUT_RETURN_TYPE = YES_ERROR;
				GCC_WARN_UNDECLARED_SELECTOR = YES;
				GCC_WARN_UNINITIALIZED_AUTOS = YES_AGGRESSIVE;
				GCC_WARN_UNUSED_FUNCTION = YES;
				GCC_WARN_UNUSED_VARIABLE = YES;
				IPHONEOS_DEPLOYMENT_TARGET = 11.2;
				MTL_ENABLE_DEBUG_INFO = YES;
				ONLY_ACTIVE_ARCH = YES;
				SDKROOT = iphoneos;
				SWIFT_ACTIVE_COMPILATION_CONDITIONS = DEBUG;
				SWIFT_OPTIMIZATION_LEVEL = "-Onone";
			};
			name = Debug;
		};
		414D03F92065494300D0FFA2 /* Release */ = {
			isa = XCBuildConfiguration;
			buildSettings = {
				ALWAYS_SEARCH_USER_PATHS = NO;
				CLANG_ANALYZER_NONNULL = YES;
				CLANG_ANALYZER_NUMBER_OBJECT_CONVERSION = YES_AGGRESSIVE;
				CLANG_CXX_LANGUAGE_STANDARD = "gnu++14";
				CLANG_CXX_LIBRARY = "libc++";
				CLANG_ENABLE_MODULES = YES;
				CLANG_ENABLE_OBJC_ARC = YES;
				CLANG_WARN_BLOCK_CAPTURE_AUTORELEASING = YES;
				CLANG_WARN_BOOL_CONVERSION = YES;
				CLANG_WARN_COMMA = YES;
				CLANG_WARN_CONSTANT_CONVERSION = YES;
				CLANG_WARN_DIRECT_OBJC_ISA_USAGE = YES_ERROR;
				CLANG_WARN_DOCUMENTATION_COMMENTS = YES;
				CLANG_WARN_EMPTY_BODY = YES;
				CLANG_WARN_ENUM_CONVERSION = YES;
				CLANG_WARN_INFINITE_RECURSION = YES;
				CLANG_WARN_INT_CONVERSION = YES;
				CLANG_WARN_NON_LITERAL_NULL_CONVERSION = YES;
				CLANG_WARN_OBJC_LITERAL_CONVERSION = YES;
				CLANG_WARN_OBJC_ROOT_CLASS = YES_ERROR;
				CLANG_WARN_RANGE_LOOP_ANALYSIS = YES;
				CLANG_WARN_STRICT_PROTOTYPES = YES;
				CLANG_WARN_SUSPICIOUS_MOVE = YES;
				CLANG_WARN_UNGUARDED_AVAILABILITY = YES_AGGRESSIVE;
				CLANG_WARN_UNREACHABLE_CODE = YES;
				CLANG_WARN__DUPLICATE_METHOD_MATCH = YES;
				CODE_SIGN_IDENTITY = "iPhone Developer";
				COPY_PHASE_STRIP = NO;
				DEBUG_INFORMATION_FORMAT = "dwarf-with-dsym";
				ENABLE_NS_ASSERTIONS = NO;
				ENABLE_STRICT_OBJC_MSGSEND = YES;
				GCC_C_LANGUAGE_STANDARD = gnu11;
				GCC_NO_COMMON_BLOCKS = YES;
				GCC_WARN_64_TO_32_BIT_CONVERSION = YES;
				GCC_WARN_ABOUT_RETURN_TYPE = YES_ERROR;
				GCC_WARN_UNDECLARED_SELECTOR = YES;
				GCC_WARN_UNINITIALIZED_AUTOS = YES_AGGRESSIVE;
				GCC_WARN_UNUSED_FUNCTION = YES;
				GCC_WARN_UNUSED_VARIABLE = YES;
				IPHONEOS_DEPLOYMENT_TARGET = 11.2;
				MTL_ENABLE_DEBUG_INFO = NO;
				SDKROOT = iphoneos;
				SWIFT_OPTIMIZATION_LEVEL = "-Owholemodule";
				VALIDATE_PRODUCT = YES;
			};
			name = Release;
		};
		414D03FB2065494300D0FFA2 /* Debug */ = {
			isa = XCBuildConfiguration;
			buildSettings = {
				ASSETCATALOG_COMPILER_APPICON_NAME = AppIcon;
				CODE_SIGN_STYLE = Automatic;
				DEVELOPMENT_TEAM = 9WPUH3VBBN;
				INFOPLIST_FILE = KiyoshiWoolheater_iOSCodeChallenge/Info.plist;
				LD_RUNPATH_SEARCH_PATHS = "$(inherited) @executable_path/Frameworks";
				PRODUCT_BUNDLE_IDENTIFIER = "com.kiyoshiwoolheater.KiyoshiWoolheater-iOSCodeChallenge";
				PRODUCT_NAME = "$(TARGET_NAME)";
				SWIFT_VERSION = 4.0;
				TARGETED_DEVICE_FAMILY = "1,2";
			};
			name = Debug;
		};
		414D03FC2065494300D0FFA2 /* Release */ = {
			isa = XCBuildConfiguration;
			buildSettings = {
				ASSETCATALOG_COMPILER_APPICON_NAME = AppIcon;
				CODE_SIGN_STYLE = Automatic;
				DEVELOPMENT_TEAM = 9WPUH3VBBN;
				INFOPLIST_FILE = KiyoshiWoolheater_iOSCodeChallenge/Info.plist;
				LD_RUNPATH_SEARCH_PATHS = "$(inherited) @executable_path/Frameworks";
				PRODUCT_BUNDLE_IDENTIFIER = "com.kiyoshiwoolheater.KiyoshiWoolheater-iOSCodeChallenge";
				PRODUCT_NAME = "$(TARGET_NAME)";
				SWIFT_VERSION = 4.0;
				TARGETED_DEVICE_FAMILY = "1,2";
			};
			name = Release;
		};
		414D03FE2065494300D0FFA2 /* Debug */ = {
			isa = XCBuildConfiguration;
			buildSettings = {
				ALWAYS_EMBED_SWIFT_STANDARD_LIBRARIES = YES;
				BUNDLE_LOADER = "$(TEST_HOST)";
				CODE_SIGN_STYLE = Automatic;
				DEVELOPMENT_TEAM = 9WPUH3VBBN;
				INFOPLIST_FILE = KiyoshiWoolheater_iOSCodeChallengeTests/Info.plist;
				LD_RUNPATH_SEARCH_PATHS = "$(inherited) @executable_path/Frameworks @loader_path/Frameworks";
				PRODUCT_BUNDLE_IDENTIFIER = "com.kiyoshiwoolheater.KiyoshiWoolheater-iOSCodeChallengeTests";
				PRODUCT_NAME = "$(TARGET_NAME)";
				SWIFT_VERSION = 4.0;
				TARGETED_DEVICE_FAMILY = "1,2";
				TEST_HOST = "$(BUILT_PRODUCTS_DIR)/KiyoshiWoolheater_iOSCodeChallenge.app/KiyoshiWoolheater_iOSCodeChallenge";
			};
			name = Debug;
		};
		414D03FF2065494300D0FFA2 /* Release */ = {
			isa = XCBuildConfiguration;
			buildSettings = {
				ALWAYS_EMBED_SWIFT_STANDARD_LIBRARIES = YES;
				BUNDLE_LOADER = "$(TEST_HOST)";
				CODE_SIGN_STYLE = Automatic;
				DEVELOPMENT_TEAM = 9WPUH3VBBN;
				INFOPLIST_FILE = KiyoshiWoolheater_iOSCodeChallengeTests/Info.plist;
				LD_RUNPATH_SEARCH_PATHS = "$(inherited) @executable_path/Frameworks @loader_path/Frameworks";
				PRODUCT_BUNDLE_IDENTIFIER = "com.kiyoshiwoolheater.KiyoshiWoolheater-iOSCodeChallengeTests";
				PRODUCT_NAME = "$(TARGET_NAME)";
				SWIFT_VERSION = 4.0;
				TARGETED_DEVICE_FAMILY = "1,2";
				TEST_HOST = "$(BUILT_PRODUCTS_DIR)/KiyoshiWoolheater_iOSCodeChallenge.app/KiyoshiWoolheater_iOSCodeChallenge";
			};
			name = Release;
		};
/* End XCBuildConfiguration section */

/* Begin XCConfigurationList section */
		414D03D82065494200D0FFA2 /* Build configuration list for PBXProject "KiyoshiWoolheater_iOSCodeChallenge" */ = {
			isa = XCConfigurationList;
			buildConfigurations = (
				414D03F82065494300D0FFA2 /* Debug */,
				414D03F92065494300D0FFA2 /* Release */,
			);
			defaultConfigurationIsVisible = 0;
			defaultConfigurationName = Release;
		};
		414D03FA2065494300D0FFA2 /* Build configuration list for PBXNativeTarget "KiyoshiWoolheater_iOSCodeChallenge" */ = {
			isa = XCConfigurationList;
			buildConfigurations = (
				414D03FB2065494300D0FFA2 /* Debug */,
				414D03FC2065494300D0FFA2 /* Release */,
			);
			defaultConfigurationIsVisible = 0;
			defaultConfigurationName = Release;
		};
		414D03FD2065494300D0FFA2 /* Build configuration list for PBXNativeTarget "KiyoshiWoolheater_iOSCodeChallengeTests" */ = {
			isa = XCConfigurationList;
			buildConfigurations = (
				414D03FE2065494300D0FFA2 /* Debug */,
				414D03FF2065494300D0FFA2 /* Release */,
			);
			defaultConfigurationIsVisible = 0;
			defaultConfigurationName = Release;
		};
/* End XCConfigurationList section */
	};
	rootObject = 414D03D52065494200D0FFA2 /* Project object */;
}
